
Microsoft Visual Studio Solution File, Format Version 12.00
# Visual Studio Version 17
VisualStudioVersion = 17.6.33815.320
MinimumVisualStudioVersion = 10.0.40219.1
Project("{9A19103F-16F7-4668-BE54-9A1E7A4F7556}") = "OTS.API", "OTS.API\OTS.API.csproj", "{1BC43986-85A4-405E-89F9-B1FBD328ACDA}"
EndProject
Project("{9A19103F-16F7-4668-BE54-9A1E7A4F7556}") = "OTS.Common", "OTS.Common\OTS.Common.csproj", "{EC4352DC-C5B9-4D44-A088-DC8604EF4FA7}"
EndProject
Project("{9A19103F-16F7-4668-BE54-9A1E7A4F7556}") = "OTS.Data", "OTS.Data\OTS.Data.csproj", "{1426F4F3-EAFB-44B5-86FC-4F4D03E4BBCB}"
EndProject
Project("{9A19103F-16F7-4668-BE54-9A1E7A4F7556}") = "OTS.Service", "OTS.Service\OTS.Service.csproj", "{30D97235-2221-4A37-A910-567C96766729}"
EndProject
Project("{9A19103F-16F7-4668-BE54-9A1E7A4F7556}") = "OTS.UnitTest", "OTS.UnitTest\OTS.UnitTest.csproj", "{14E6937B-240B-4079-95EA-819CDF2230AB}"
EndProject
Global
	GlobalSection(SolutionConfigurationPlatforms) = preSolution
		Debug|Any CPU = Debug|Any CPU
		Release|Any CPU = Release|Any CPU
	EndGlobalSection
	GlobalSection(ProjectConfigurationPlatforms) = postSolution
		{1BC43986-85A4-405E-89F9-B1FBD328ACDA}.Debug|Any CPU.ActiveCfg = Debug|Any CPU
		{1BC43986-85A4-405E-89F9-B1FBD328ACDA}.Debug|Any CPU.Build.0 = Debug|Any CPU
		{1BC43986-85A4-405E-89F9-B1FBD328ACDA}.Release|Any CPU.ActiveCfg = Release|Any CPU
		{1BC43986-85A4-405E-89F9-B1FBD328ACDA}.Release|Any CPU.Build.0 = Release|Any CPU
		{EC4352DC-C5B9-4D44-A088-DC8604EF4FA7}.Debug|Any CPU.ActiveCfg = Debug|Any CPU
		{EC4352DC-C5B9-4D44-A088-DC8604EF4FA7}.Debug|Any CPU.Build.0 = Debug|Any CPU
		{EC4352DC-C5B9-4D44-A088-DC8604EF4FA7}.Release|Any CPU.ActiveCfg = Release|Any CPU
		{EC4352DC-C5B9-4D44-A088-DC8604EF4FA7}.Release|Any CPU.Build.0 = Release|Any CPU
		{1426F4F3-EAFB-44B5-86FC-4F4D03E4BBCB}.Debug|Any CPU.ActiveCfg = Debug|Any CPU
		{1426F4F3-EAFB-44B5-86FC-4F4D03E4BBCB}.Debug|Any CPU.Build.0 = Debug|Any CPU
		{1426F4F3-EAFB-44B5-86FC-4F4D03E4BBCB}.Release|Any CPU.ActiveCfg = Release|Any CPU
		{1426F4F3-EAFB-44B5-86FC-4F4D03E4BBCB}.Release|Any CPU.Build.0 = Release|Any CPU
		{30D97235-2221-4A37-A910-567C96766729}.Debug|Any CPU.ActiveCfg = Debug|Any CPU
		{30D97235-2221-4A37-A910-567C96766729}.Debug|Any CPU.Build.0 = Debug|Any CPU
		{30D97235-2221-4A37-A910-567C96766729}.Release|Any CPU.ActiveCfg = Release|Any CPU
		{30D97235-2221-4A37-A910-567C96766729}.Release|Any CPU.Build.0 = Release|Any CPU
		{14E6937B-240B-4079-95EA-819CDF2230AB}.Debug|Any CPU.ActiveCfg = Debug|Any CPU
		{14E6937B-240B-4079-95EA-819CDF2230AB}.Debug|Any CPU.Build.0 = Debug|Any CPU
		{14E6937B-240B-4079-95EA-819CDF2230AB}.Release|Any CPU.ActiveCfg = Release|Any CPU
		{14E6937B-240B-4079-95EA-819CDF2230AB}.Release|Any CPU.Build.0 = Release|Any CPU
	EndGlobalSection
	GlobalSection(SolutionProperties) = preSolution
		HideSolutionNode = FALSE
	EndGlobalSection
	GlobalSection(ExtensibilityGlobals) = postSolution
		SolutionGuid = {E4B3860E-D81E-41AE-A040-DAE23735FA06}
	EndGlobalSection
EndGlobal
